
Microsoft Visual Studio Solution File, Format Version 12.00
# Visual Studio Version 16
VisualStudioVersion = 16.0.29609.76
MinimumVisualStudioVersion = 10.0.40219.1
Project("{FAE04EC0-301F-11D3-BF4B-00C04F79EFBC}") = "FetchFiles", "FetchFiles.csproj", "{26E53311-02F9-4794-BF93-46D821EB5743}"
EndProject
Global
	GlobalSection(SolutionConfigurationPlatforms) = preSolution
		Debug|Any CPU = Debug|Any CPU
		Release|Any CPU = Release|Any CPU
	EndGlobalSection
	GlobalSection(ProjectConfigurationPlatforms) = postSolution
		{26E53311-02F9-4794-BF93-46D821EB5743}.Debug|Any CPU.ActiveCfg = Debug|Any CPU
		{26E53311-02F9-4794-BF93-46D821EB5743}.Debug|Any CPU.Build.0 = Debug|Any CPU
		{26E53311-02F9-4794-BF93-46D821EB5743}.Release|Any CPU.ActiveCfg = Release|Any CPU
		{26E53311-02F9-4794-BF93-46D821EB5743}.Release|Any CPU.Build.0 = Release|Any CPU
	EndGlobalSection
	GlobalSection(SolutionProperties) = preSolution
		HideSolutionNode = FALSE
	EndGlobalSection
	GlobalSection(ExtensibilityGlobals) = postSolution
		SolutionGuid = {88995235-DA4F-4BEA-A9F3-B42B87243211}
	EndGlobalSection
EndGlobal
